
Microsoft Visual Studio Solution File, Format Version 12.00
# Visual Studio 2013
VisualStudioVersion = 12.0.30723.0
MinimumVisualStudioVersion = 10.0.40219.1
Project("{2150E333-8FDC-42A3-9474-1A3956D46DE8}") = ".nuget", ".nuget", "{1C2498A8-6EDB-4BB3-909F-CF5A29F59B71}"
	ProjectSection(SolutionItems) = preProject
		.nuget\NuGet.Config = .nuget\NuGet.Config
		.nuget\NuGet.exe = .nuget\NuGet.exe
	EndProjectSection
EndProject
Project("{F2A71F9B-5D33-465A-A702-920D77279786}") = "FotM.Data", "FotM.Data\FotM.Data.fsproj", "{3D02C2F7-31E5-49B1-A77D-CE689C9C9B0B}"
EndProject
Project("{F2A71F9B-5D33-465A-A702-920D77279786}") = "FotM.Aether", "FotM.Aether\FotM.Aether.fsproj", "{7A3BFBD3-3050-4D64-BDD9-9A33E0E36AE2}"
EndProject
Project("{CC5FD16D-436D-48AD-A40C-5A424C6E3E79}") = "FotM.Avatars", "FotM.Avatars\FotM.Avatars.ccproj", "{C9DAE8FD-6F1D-49E7-B982-254D33028970}"
EndProject
Project("{F2A71F9B-5D33-465A-A702-920D77279786}") = "FotM.Argus", "FotM.Argus\FotM.Argus.fsproj", "{CD689A5F-EA18-468F-B3F6-32FCC851611A}"
EndProject
Project("{F2A71F9B-5D33-465A-A702-920D77279786}") = "FotM.Athena", "FotM.Athena\FotM.Athena.fsproj", "{47B1D60D-37F5-49B9-B9C3-56D452BFB384}"
EndProject
Project("{F2A71F9B-5D33-465A-A702-920D77279786}") = "FotM.Hephaestus", "FotM.Hephaestus\FotM.Hephaestus.fsproj", "{2427A5B5-9618-408E-AF5B-15D5E53BAD0D}"
EndProject
Project("{F2A71F9B-5D33-465A-A702-920D77279786}") = "FotM.Apollo", "FotM.Apollo\FotM.Apollo.fsproj", "{626D26D0-9213-4172-9B10-DCEA301B3E5A}"
EndProject
Project("{F2A71F9B-5D33-465A-A702-920D77279786}") = "FotM.Lab", "FotM.Lab\FotM.Lab.fsproj", "{6F63F79C-6694-47BF-8865-586185161F71}"
EndProject
Project("{F2A71F9B-5D33-465A-A702-920D77279786}") = "FotM.Data.Tests", "FotM.Data.Tests\FotM.Data.Tests.fsproj", "{44981EAC-8CEA-494B-9D98-783F12C44F74}"
EndProject
Project("{F2A71F9B-5D33-465A-A702-920D77279786}") = "FotM.Hephaestus.Tests", "FotM.Hephaestus.Tests\FotM.Hephaestus.Tests.fsproj", "{7E95844B-DB13-4348-BC8A-D7457D8D46FC}"
EndProject
Global
	GlobalSection(SolutionConfigurationPlatforms) = preSolution
		Debug|Any CPU = Debug|Any CPU
		Release|Any CPU = Release|Any CPU
	EndGlobalSection
	GlobalSection(ProjectConfigurationPlatforms) = postSolution
		{3D02C2F7-31E5-49B1-A77D-CE689C9C9B0B}.Debug|Any CPU.ActiveCfg = Debug|Any CPU
		{3D02C2F7-31E5-49B1-A77D-CE689C9C9B0B}.Debug|Any CPU.Build.0 = Debug|Any CPU
		{3D02C2F7-31E5-49B1-A77D-CE689C9C9B0B}.Release|Any CPU.ActiveCfg = Release|Any CPU
		{3D02C2F7-31E5-49B1-A77D-CE689C9C9B0B}.Release|Any CPU.Build.0 = Release|Any CPU
		{7A3BFBD3-3050-4D64-BDD9-9A33E0E36AE2}.Debug|Any CPU.ActiveCfg = Debug|Any CPU
		{7A3BFBD3-3050-4D64-BDD9-9A33E0E36AE2}.Debug|Any CPU.Build.0 = Debug|Any CPU
		{7A3BFBD3-3050-4D64-BDD9-9A33E0E36AE2}.Release|Any CPU.ActiveCfg = Release|Any CPU
		{7A3BFBD3-3050-4D64-BDD9-9A33E0E36AE2}.Release|Any CPU.Build.0 = Release|Any CPU
		{C9DAE8FD-6F1D-49E7-B982-254D33028970}.Debug|Any CPU.ActiveCfg = Debug|Any CPU
		{C9DAE8FD-6F1D-49E7-B982-254D33028970}.Debug|Any CPU.Build.0 = Debug|Any CPU
		{C9DAE8FD-6F1D-49E7-B982-254D33028970}.Release|Any CPU.ActiveCfg = Release|Any CPU
		{C9DAE8FD-6F1D-49E7-B982-254D33028970}.Release|Any CPU.Build.0 = Release|Any CPU
		{CD689A5F-EA18-468F-B3F6-32FCC851611A}.Debug|Any CPU.ActiveCfg = Debug|Any CPU
		{CD689A5F-EA18-468F-B3F6-32FCC851611A}.Debug|Any CPU.Build.0 = Debug|Any CPU
		{CD689A5F-EA18-468F-B3F6-32FCC851611A}.Release|Any CPU.ActiveCfg = Release|Any CPU
		{CD689A5F-EA18-468F-B3F6-32FCC851611A}.Release|Any CPU.Build.0 = Release|Any CPU
		{47B1D60D-37F5-49B9-B9C3-56D452BFB384}.Debug|Any CPU.ActiveCfg = Debug|Any CPU
		{47B1D60D-37F5-49B9-B9C3-56D452BFB384}.Debug|Any CPU.Build.0 = Debug|Any CPU
		{47B1D60D-37F5-49B9-B9C3-56D452BFB384}.Release|Any CPU.ActiveCfg = Release|Any CPU
		{47B1D60D-37F5-49B9-B9C3-56D452BFB384}.Release|Any CPU.Build.0 = Release|Any CPU
		{2427A5B5-9618-408E-AF5B-15D5E53BAD0D}.Debug|Any CPU.ActiveCfg = Debug|Any CPU
		{2427A5B5-9618-408E-AF5B-15D5E53BAD0D}.Debug|Any CPU.Build.0 = Debug|Any CPU
		{2427A5B5-9618-408E-AF5B-15D5E53BAD0D}.Release|Any CPU.ActiveCfg = Release|Any CPU
		{2427A5B5-9618-408E-AF5B-15D5E53BAD0D}.Release|Any CPU.Build.0 = Release|Any CPU
		{626D26D0-9213-4172-9B10-DCEA301B3E5A}.Debug|Any CPU.ActiveCfg = Debug|Any CPU
		{626D26D0-9213-4172-9B10-DCEA301B3E5A}.Debug|Any CPU.Build.0 = Debug|Any CPU
		{626D26D0-9213-4172-9B10-DCEA301B3E5A}.Release|Any CPU.ActiveCfg = Release|Any CPU
		{626D26D0-9213-4172-9B10-DCEA301B3E5A}.Release|Any CPU.Build.0 = Release|Any CPU
		{6F63F79C-6694-47BF-8865-586185161F71}.Debug|Any CPU.ActiveCfg = Debug|Any CPU
		{6F63F79C-6694-47BF-8865-586185161F71}.Debug|Any CPU.Build.0 = Debug|Any CPU
		{6F63F79C-6694-47BF-8865-586185161F71}.Release|Any CPU.ActiveCfg = Release|Any CPU
		{6F63F79C-6694-47BF-8865-586185161F71}.Release|Any CPU.Build.0 = Release|Any CPU
		{44981EAC-8CEA-494B-9D98-783F12C44F74}.Debug|Any CPU.ActiveCfg = Debug|Any CPU
		{44981EAC-8CEA-494B-9D98-783F12C44F74}.Debug|Any CPU.Build.0 = Debug|Any CPU
		{44981EAC-8CEA-494B-9D98-783F12C44F74}.Release|Any CPU.ActiveCfg = Release|Any CPU
		{44981EAC-8CEA-494B-9D98-783F12C44F74}.Release|Any CPU.Build.0 = Release|Any CPU
		{7E95844B-DB13-4348-BC8A-D7457D8D46FC}.Debug|Any CPU.ActiveCfg = Debug|Any CPU
		{7E95844B-DB13-4348-BC8A-D7457D8D46FC}.Debug|Any CPU.Build.0 = Debug|Any CPU
		{7E95844B-DB13-4348-BC8A-D7457D8D46FC}.Release|Any CPU.ActiveCfg = Release|Any CPU
		{7E95844B-DB13-4348-BC8A-D7457D8D46FC}.Release|Any CPU.Build.0 = Release|Any CPU
	EndGlobalSection
	GlobalSection(SolutionProperties) = preSolution
		HideSolutionNode = FALSE
	EndGlobalSection
EndGlobal
