
Microsoft Visual Studio Solution File, Format Version 12.00
# Visual Studio 2013
VisualStudioVersion = 12.0.30501.0
MinimumVisualStudioVersion = 10.0.40219.1
Project("{FAE04EC0-301F-11D3-BF4B-00C04F79EFBC}") = "FotM.ArmoryScanner", "FotM.ArmoryScanner\FotM.ArmoryScanner.csproj", "{3D405398-4A16-4D7A-B0AC-F5D8A044D7D8}"
EndProject
Project("{2150E333-8FDC-42A3-9474-1A3956D46DE8}") = ".nuget", ".nuget", "{1C2498A8-6EDB-4BB3-909F-CF5A29F59B71}"
	ProjectSection(SolutionItems) = preProject
		.nuget\NuGet.Config = .nuget\NuGet.Config
		.nuget\NuGet.exe = .nuget\NuGet.exe
	EndProjectSection
EndProject
Project("{FAE04EC0-301F-11D3-BF4B-00C04F79EFBC}") = "FotM.Utilities", "FotM.Utilities\FotM.Utilities.csproj", "{90D8A7E8-FBAC-4B87-9EC2-A4E6F02B75C8}"
EndProject
Project("{FAE04EC0-301F-11D3-BF4B-00C04F79EFBC}") = "FotM.Domain", "FotM.Domain\FotM.Domain.csproj", "{A9F666C5-47C6-45F7-9DC1-61126140A7E0}"
EndProject
Project("{FAE04EC0-301F-11D3-BF4B-00C04F79EFBC}") = "FotM.Cassandra", "FotM.Cassandra\FotM.Cassandra.csproj", "{94158125-21FD-4260-995B-6CADAD88A39B}"
EndProject
Project("{FAE04EC0-301F-11D3-BF4B-00C04F79EFBC}") = "FotM.Cassandra.Tests", "FotM.Cassandra.Tests\FotM.Cassandra.Tests.csproj", "{49026724-C88D-4F60-B16A-D5B7D4385EA0}"
EndProject
Project("{FAE04EC0-301F-11D3-BF4B-00C04F79EFBC}") = "FotM.ArmoryScanner.Tests", "FotM.ArmoryScanner.Tests\FotM.ArmoryScanner.Tests.csproj", "{B6D7741A-39EE-4809-A11D-063773FF208C}"
EndProject
Project("{FAE04EC0-301F-11D3-BF4B-00C04F79EFBC}") = "FotM.TestingUtilities", "FotM.TestingUtilities\FotM.TestingUtilities.csproj", "{F56EE221-0274-4FB5-8932-2E3605B84AFE}"
EndProject
Project("{FAE04EC0-301F-11D3-BF4B-00C04F79EFBC}") = "FotM.Utilities.Tests", "FotM.Utilities.Tests\FotM.Utilities.Tests.csproj", "{A4A06207-D5B5-446C-AE63-1FB624489473}"
EndProject
Project("{FAE04EC0-301F-11D3-BF4B-00C04F79EFBC}") = "FotM.Portal", "FotM.Portal\FotM.Portal.csproj", "{2F105C55-F4B0-43BA-97E7-D4CED0A9ECE0}"
EndProject
Project("{FAE04EC0-301F-11D3-BF4B-00C04F79EFBC}") = "FotM.Portal.Tests", "FotM.Portal.Tests\FotM.Portal.Tests.csproj", "{AFE98523-0757-4186-AC94-68CF7793A692}"
EndProject
Project("{FAE04EC0-301F-11D3-BF4B-00C04F79EFBC}") = "FotM.Messaging", "FotM.Messaging\FotM.Messaging.csproj", "{56EE32B7-8222-4C10-8D38-2D0BC633294C}"
EndProject
Project("{FAE04EC0-301F-11D3-BF4B-00C04F79EFBC}") = "FotM.Config", "FotM.Config\FotM.Config.csproj", "{D8399BB4-4E53-472B-AF8D-CFC8B07C6219}"
EndProject
Project("{2150E333-8FDC-42A3-9474-1A3956D46DE8}") = "Testing", "Testing", "{83E6460B-E39B-4214-9C9D-F96B5B8F089D}"
EndProject
Project("{2150E333-8FDC-42A3-9474-1A3956D46DE8}") = "Next", "Next", "{05AC5583-30A0-481D-9C80-82AB5B8C3D0F}"
EndProject
Project("{F2A71F9B-5D33-465A-A702-920D77279786}") = "FotM.Data", "FotM.Data\FotM.Data.fsproj", "{3D02C2F7-31E5-49B1-A77D-CE689C9C9B0B}"
EndProject
Project("{F2A71F9B-5D33-465A-A702-920D77279786}") = "FotM.Aether", "FotM.Aether\FotM.Aether.fsproj", "{7A3BFBD3-3050-4D64-BDD9-9A33E0E36AE2}"
EndProject
Project("{CC5FD16D-436D-48AD-A40C-5A424C6E3E79}") = "FotM.Avatars", "FotM.Avatars\FotM.Avatars.ccproj", "{C9DAE8FD-6F1D-49E7-B982-254D33028970}"
EndProject
Project("{F2A71F9B-5D33-465A-A702-920D77279786}") = "FotM.Argus", "FotM.Argus\FotM.Argus.fsproj", "{CD689A5F-EA18-468F-B3F6-32FCC851611A}"
EndProject
Project("{F2A71F9B-5D33-465A-A702-920D77279786}") = "FotM.Athena", "FotM.Athena\FotM.Athena.fsproj", "{47B1D60D-37F5-49B9-B9C3-56D452BFB384}"
EndProject
Project("{F2A71F9B-5D33-465A-A702-920D77279786}") = "FotM.Hephaestus", "FotM.Hephaestus\FotM.Hephaestus.fsproj", "{2427A5B5-9618-408E-AF5B-15D5E53BAD0D}"
EndProject
Project("{F2A71F9B-5D33-465A-A702-920D77279786}") = "FotM.Apollo", "FotM.Apollo\FotM.Apollo.fsproj", "{626D26D0-9213-4172-9B10-DCEA301B3E5A}"
EndProject
Project("{F2A71F9B-5D33-465A-A702-920D77279786}") = "FotM.Lab", "FotM.Lab\FotM.Lab.fsproj", "{6F63F79C-6694-47BF-8865-586185161F71}"
EndProject
Project("{F2A71F9B-5D33-465A-A702-920D77279786}") = "FotM.Data.Tests", "FotM.Data.Tests\FotM.Data.Tests.fsproj", "{44981EAC-8CEA-494B-9D98-783F12C44F74}"
EndProject
Global
	GlobalSection(SolutionConfigurationPlatforms) = preSolution
		Debug|Any CPU = Debug|Any CPU
		Release|Any CPU = Release|Any CPU
	EndGlobalSection
	GlobalSection(ProjectConfigurationPlatforms) = postSolution
		{3D405398-4A16-4D7A-B0AC-F5D8A044D7D8}.Debug|Any CPU.ActiveCfg = Debug|Any CPU
		{3D405398-4A16-4D7A-B0AC-F5D8A044D7D8}.Debug|Any CPU.Build.0 = Debug|Any CPU
		{3D405398-4A16-4D7A-B0AC-F5D8A044D7D8}.Release|Any CPU.ActiveCfg = Release|Any CPU
		{3D405398-4A16-4D7A-B0AC-F5D8A044D7D8}.Release|Any CPU.Build.0 = Release|Any CPU
		{90D8A7E8-FBAC-4B87-9EC2-A4E6F02B75C8}.Debug|Any CPU.ActiveCfg = Debug|Any CPU
		{90D8A7E8-FBAC-4B87-9EC2-A4E6F02B75C8}.Debug|Any CPU.Build.0 = Debug|Any CPU
		{90D8A7E8-FBAC-4B87-9EC2-A4E6F02B75C8}.Release|Any CPU.ActiveCfg = Release|Any CPU
		{90D8A7E8-FBAC-4B87-9EC2-A4E6F02B75C8}.Release|Any CPU.Build.0 = Release|Any CPU
		{A9F666C5-47C6-45F7-9DC1-61126140A7E0}.Debug|Any CPU.ActiveCfg = Debug|Any CPU
		{A9F666C5-47C6-45F7-9DC1-61126140A7E0}.Debug|Any CPU.Build.0 = Debug|Any CPU
		{A9F666C5-47C6-45F7-9DC1-61126140A7E0}.Release|Any CPU.ActiveCfg = Release|Any CPU
		{A9F666C5-47C6-45F7-9DC1-61126140A7E0}.Release|Any CPU.Build.0 = Release|Any CPU
		{94158125-21FD-4260-995B-6CADAD88A39B}.Debug|Any CPU.ActiveCfg = Debug|Any CPU
		{94158125-21FD-4260-995B-6CADAD88A39B}.Debug|Any CPU.Build.0 = Debug|Any CPU
		{94158125-21FD-4260-995B-6CADAD88A39B}.Release|Any CPU.ActiveCfg = Release|Any CPU
		{94158125-21FD-4260-995B-6CADAD88A39B}.Release|Any CPU.Build.0 = Release|Any CPU
		{49026724-C88D-4F60-B16A-D5B7D4385EA0}.Debug|Any CPU.ActiveCfg = Debug|Any CPU
		{49026724-C88D-4F60-B16A-D5B7D4385EA0}.Debug|Any CPU.Build.0 = Debug|Any CPU
		{49026724-C88D-4F60-B16A-D5B7D4385EA0}.Release|Any CPU.ActiveCfg = Release|Any CPU
		{49026724-C88D-4F60-B16A-D5B7D4385EA0}.Release|Any CPU.Build.0 = Release|Any CPU
		{B6D7741A-39EE-4809-A11D-063773FF208C}.Debug|Any CPU.ActiveCfg = Debug|Any CPU
		{B6D7741A-39EE-4809-A11D-063773FF208C}.Debug|Any CPU.Build.0 = Debug|Any CPU
		{B6D7741A-39EE-4809-A11D-063773FF208C}.Release|Any CPU.ActiveCfg = Release|Any CPU
		{B6D7741A-39EE-4809-A11D-063773FF208C}.Release|Any CPU.Build.0 = Release|Any CPU
		{F56EE221-0274-4FB5-8932-2E3605B84AFE}.Debug|Any CPU.ActiveCfg = Debug|Any CPU
		{F56EE221-0274-4FB5-8932-2E3605B84AFE}.Debug|Any CPU.Build.0 = Debug|Any CPU
		{F56EE221-0274-4FB5-8932-2E3605B84AFE}.Release|Any CPU.ActiveCfg = Release|Any CPU
		{F56EE221-0274-4FB5-8932-2E3605B84AFE}.Release|Any CPU.Build.0 = Release|Any CPU
		{A4A06207-D5B5-446C-AE63-1FB624489473}.Debug|Any CPU.ActiveCfg = Debug|Any CPU
		{A4A06207-D5B5-446C-AE63-1FB624489473}.Debug|Any CPU.Build.0 = Debug|Any CPU
		{A4A06207-D5B5-446C-AE63-1FB624489473}.Release|Any CPU.ActiveCfg = Release|Any CPU
		{A4A06207-D5B5-446C-AE63-1FB624489473}.Release|Any CPU.Build.0 = Release|Any CPU
		{2F105C55-F4B0-43BA-97E7-D4CED0A9ECE0}.Debug|Any CPU.ActiveCfg = Debug|Any CPU
		{2F105C55-F4B0-43BA-97E7-D4CED0A9ECE0}.Debug|Any CPU.Build.0 = Debug|Any CPU
		{2F105C55-F4B0-43BA-97E7-D4CED0A9ECE0}.Release|Any CPU.ActiveCfg = Release|Any CPU
		{2F105C55-F4B0-43BA-97E7-D4CED0A9ECE0}.Release|Any CPU.Build.0 = Release|Any CPU
		{AFE98523-0757-4186-AC94-68CF7793A692}.Debug|Any CPU.ActiveCfg = Debug|Any CPU
		{AFE98523-0757-4186-AC94-68CF7793A692}.Debug|Any CPU.Build.0 = Debug|Any CPU
		{AFE98523-0757-4186-AC94-68CF7793A692}.Release|Any CPU.ActiveCfg = Release|Any CPU
		{AFE98523-0757-4186-AC94-68CF7793A692}.Release|Any CPU.Build.0 = Release|Any CPU
		{56EE32B7-8222-4C10-8D38-2D0BC633294C}.Debug|Any CPU.ActiveCfg = Debug|Any CPU
		{56EE32B7-8222-4C10-8D38-2D0BC633294C}.Debug|Any CPU.Build.0 = Debug|Any CPU
		{56EE32B7-8222-4C10-8D38-2D0BC633294C}.Release|Any CPU.ActiveCfg = Release|Any CPU
		{56EE32B7-8222-4C10-8D38-2D0BC633294C}.Release|Any CPU.Build.0 = Release|Any CPU
		{D8399BB4-4E53-472B-AF8D-CFC8B07C6219}.Debug|Any CPU.ActiveCfg = Debug|Any CPU
		{D8399BB4-4E53-472B-AF8D-CFC8B07C6219}.Debug|Any CPU.Build.0 = Debug|Any CPU
		{D8399BB4-4E53-472B-AF8D-CFC8B07C6219}.Release|Any CPU.ActiveCfg = Release|Any CPU
		{D8399BB4-4E53-472B-AF8D-CFC8B07C6219}.Release|Any CPU.Build.0 = Release|Any CPU
		{3D02C2F7-31E5-49B1-A77D-CE689C9C9B0B}.Debug|Any CPU.ActiveCfg = Debug|Any CPU
		{3D02C2F7-31E5-49B1-A77D-CE689C9C9B0B}.Debug|Any CPU.Build.0 = Debug|Any CPU
		{3D02C2F7-31E5-49B1-A77D-CE689C9C9B0B}.Release|Any CPU.ActiveCfg = Release|Any CPU
		{3D02C2F7-31E5-49B1-A77D-CE689C9C9B0B}.Release|Any CPU.Build.0 = Release|Any CPU
		{7A3BFBD3-3050-4D64-BDD9-9A33E0E36AE2}.Debug|Any CPU.ActiveCfg = Debug|Any CPU
		{7A3BFBD3-3050-4D64-BDD9-9A33E0E36AE2}.Debug|Any CPU.Build.0 = Debug|Any CPU
		{7A3BFBD3-3050-4D64-BDD9-9A33E0E36AE2}.Release|Any CPU.ActiveCfg = Release|Any CPU
		{7A3BFBD3-3050-4D64-BDD9-9A33E0E36AE2}.Release|Any CPU.Build.0 = Release|Any CPU
		{C9DAE8FD-6F1D-49E7-B982-254D33028970}.Debug|Any CPU.ActiveCfg = Debug|Any CPU
		{C9DAE8FD-6F1D-49E7-B982-254D33028970}.Debug|Any CPU.Build.0 = Debug|Any CPU
		{C9DAE8FD-6F1D-49E7-B982-254D33028970}.Release|Any CPU.ActiveCfg = Release|Any CPU
		{C9DAE8FD-6F1D-49E7-B982-254D33028970}.Release|Any CPU.Build.0 = Release|Any CPU
		{CD689A5F-EA18-468F-B3F6-32FCC851611A}.Debug|Any CPU.ActiveCfg = Debug|Any CPU
		{CD689A5F-EA18-468F-B3F6-32FCC851611A}.Debug|Any CPU.Build.0 = Debug|Any CPU
		{CD689A5F-EA18-468F-B3F6-32FCC851611A}.Release|Any CPU.ActiveCfg = Release|Any CPU
		{CD689A5F-EA18-468F-B3F6-32FCC851611A}.Release|Any CPU.Build.0 = Release|Any CPU
		{47B1D60D-37F5-49B9-B9C3-56D452BFB384}.Debug|Any CPU.ActiveCfg = Debug|Any CPU
		{47B1D60D-37F5-49B9-B9C3-56D452BFB384}.Debug|Any CPU.Build.0 = Debug|Any CPU
		{47B1D60D-37F5-49B9-B9C3-56D452BFB384}.Release|Any CPU.ActiveCfg = Release|Any CPU
		{47B1D60D-37F5-49B9-B9C3-56D452BFB384}.Release|Any CPU.Build.0 = Release|Any CPU
		{2427A5B5-9618-408E-AF5B-15D5E53BAD0D}.Debug|Any CPU.ActiveCfg = Debug|Any CPU
		{2427A5B5-9618-408E-AF5B-15D5E53BAD0D}.Debug|Any CPU.Build.0 = Debug|Any CPU
		{2427A5B5-9618-408E-AF5B-15D5E53BAD0D}.Release|Any CPU.ActiveCfg = Release|Any CPU
		{2427A5B5-9618-408E-AF5B-15D5E53BAD0D}.Release|Any CPU.Build.0 = Release|Any CPU
		{626D26D0-9213-4172-9B10-DCEA301B3E5A}.Debug|Any CPU.ActiveCfg = Debug|Any CPU
		{626D26D0-9213-4172-9B10-DCEA301B3E5A}.Debug|Any CPU.Build.0 = Debug|Any CPU
		{626D26D0-9213-4172-9B10-DCEA301B3E5A}.Release|Any CPU.ActiveCfg = Release|Any CPU
		{626D26D0-9213-4172-9B10-DCEA301B3E5A}.Release|Any CPU.Build.0 = Release|Any CPU
		{6F63F79C-6694-47BF-8865-586185161F71}.Debug|Any CPU.ActiveCfg = Debug|Any CPU
		{6F63F79C-6694-47BF-8865-586185161F71}.Debug|Any CPU.Build.0 = Debug|Any CPU
		{6F63F79C-6694-47BF-8865-586185161F71}.Release|Any CPU.ActiveCfg = Release|Any CPU
		{6F63F79C-6694-47BF-8865-586185161F71}.Release|Any CPU.Build.0 = Release|Any CPU
		{44981EAC-8CEA-494B-9D98-783F12C44F74}.Debug|Any CPU.ActiveCfg = Debug|Any CPU
		{44981EAC-8CEA-494B-9D98-783F12C44F74}.Debug|Any CPU.Build.0 = Debug|Any CPU
		{44981EAC-8CEA-494B-9D98-783F12C44F74}.Release|Any CPU.ActiveCfg = Release|Any CPU
		{44981EAC-8CEA-494B-9D98-783F12C44F74}.Release|Any CPU.Build.0 = Release|Any CPU
	EndGlobalSection
	GlobalSection(SolutionProperties) = preSolution
		HideSolutionNode = FALSE
	EndGlobalSection
	GlobalSection(NestedProjects) = preSolution
		{49026724-C88D-4F60-B16A-D5B7D4385EA0} = {83E6460B-E39B-4214-9C9D-F96B5B8F089D}
		{B6D7741A-39EE-4809-A11D-063773FF208C} = {83E6460B-E39B-4214-9C9D-F96B5B8F089D}
		{F56EE221-0274-4FB5-8932-2E3605B84AFE} = {83E6460B-E39B-4214-9C9D-F96B5B8F089D}
		{A4A06207-D5B5-446C-AE63-1FB624489473} = {83E6460B-E39B-4214-9C9D-F96B5B8F089D}
		{AFE98523-0757-4186-AC94-68CF7793A692} = {83E6460B-E39B-4214-9C9D-F96B5B8F089D}
		{3D02C2F7-31E5-49B1-A77D-CE689C9C9B0B} = {05AC5583-30A0-481D-9C80-82AB5B8C3D0F}
		{7A3BFBD3-3050-4D64-BDD9-9A33E0E36AE2} = {05AC5583-30A0-481D-9C80-82AB5B8C3D0F}
		{C9DAE8FD-6F1D-49E7-B982-254D33028970} = {05AC5583-30A0-481D-9C80-82AB5B8C3D0F}
		{CD689A5F-EA18-468F-B3F6-32FCC851611A} = {05AC5583-30A0-481D-9C80-82AB5B8C3D0F}
		{47B1D60D-37F5-49B9-B9C3-56D452BFB384} = {05AC5583-30A0-481D-9C80-82AB5B8C3D0F}
		{2427A5B5-9618-408E-AF5B-15D5E53BAD0D} = {05AC5583-30A0-481D-9C80-82AB5B8C3D0F}
		{626D26D0-9213-4172-9B10-DCEA301B3E5A} = {05AC5583-30A0-481D-9C80-82AB5B8C3D0F}
		{6F63F79C-6694-47BF-8865-586185161F71} = {05AC5583-30A0-481D-9C80-82AB5B8C3D0F}
		{44981EAC-8CEA-494B-9D98-783F12C44F74} = {05AC5583-30A0-481D-9C80-82AB5B8C3D0F}
	EndGlobalSection
EndGlobal
